
Microsoft Visual Studio Solution File, Format Version 12.00
# Visual Studio Version 17
VisualStudioVersion = 17.6.33829.357
MinimumVisualStudioVersion = 10.0.40219.1
Project("{FAE04EC0-301F-11D3-BF4B-00C04F79EFBC}") = "TestYonder", "TestYonder\TestYonder.csproj", "{19B7DA85-8A95-48DE-8C09-A8083970FFBF}"
EndProject
Global
	GlobalSection(SolutionConfigurationPlatforms) = preSolution
		Debug|Any CPU = Debug|Any CPU
		Release|Any CPU = Release|Any CPU
	EndGlobalSection
	GlobalSection(ProjectConfigurationPlatforms) = postSolution
		{19B7DA85-8A95-48DE-8C09-A8083970FFBF}.Debug|Any CPU.ActiveCfg = Debug|Any CPU
		{19B7DA85-8A95-48DE-8C09-A8083970FFBF}.Debug|Any CPU.Build.0 = Debug|Any CPU
		{19B7DA85-8A95-48DE-8C09-A8083970FFBF}.Release|Any CPU.ActiveCfg = Release|Any CPU
		{19B7DA85-8A95-48DE-8C09-A8083970FFBF}.Release|Any CPU.Build.0 = Release|Any CPU
	EndGlobalSection
	GlobalSection(SolutionProperties) = preSolution
		HideSolutionNode = FALSE
	EndGlobalSection
	GlobalSection(ExtensibilityGlobals) = postSolution
		SolutionGuid = {058E42DC-CF60-420C-B628-B64C44634DAA}
	EndGlobalSection
EndGlobal
